
Microsoft Visual Studio Solution File, Format Version 12.00
# Visual Studio Version 16
VisualStudioVersion = 16.0.28803.352
MinimumVisualStudioVersion = 10.0.40219.1
Project("{FAE04EC0-301F-11D3-BF4B-00C04F79EFBC}") = "QM_WPF", "QM_WPF\QM_WPF.csproj", "{6123C637-D465-410F-9B61-8FBD2FA99DBE}"
EndProject
Global
	GlobalSection(SolutionConfigurationPlatforms) = preSolution
		Debug|Any CPU = Debug|Any CPU
		Release|Any CPU = Release|Any CPU
	EndGlobalSection
	GlobalSection(ProjectConfigurationPlatforms) = postSolution
		{6123C637-D465-410F-9B61-8FBD2FA99DBE}.Debug|Any CPU.ActiveCfg = Debug|Any CPU
		{6123C637-D465-410F-9B61-8FBD2FA99DBE}.Debug|Any CPU.Build.0 = Debug|Any CPU
		{6123C637-D465-410F-9B61-8FBD2FA99DBE}.Release|Any CPU.ActiveCfg = Release|Any CPU
		{6123C637-D465-410F-9B61-8FBD2FA99DBE}.Release|Any CPU.Build.0 = Release|Any CPU
	EndGlobalSection
	GlobalSection(SolutionProperties) = preSolution
		HideSolutionNode = FALSE
	EndGlobalSection
	GlobalSection(ExtensibilityGlobals) = postSolution
		SolutionGuid = {E47FAA46-40AE-4B49-9634-E0747F69B687}
	EndGlobalSection
EndGlobal
